
Microsoft Visual Studio Solution File, Format Version 12.00
# Visual Studio Version 17
VisualStudioVersion = 17.5.33516.290
MinimumVisualStudioVersion = 10.0.40219.1
Project("{FAE04EC0-301F-11D3-BF4B-00C04F79EFBC}") = "Gauss_OOP", "Gauss_OOP\Gauss_OOP.csproj", "{389D8E52-2D64-4AED-BC89-953D6AF232AD}"
EndProject
Global
	GlobalSection(SolutionConfigurationPlatforms) = preSolution
		Debug|Any CPU = Debug|Any CPU
		Release|Any CPU = Release|Any CPU
	EndGlobalSection
	GlobalSection(ProjectConfigurationPlatforms) = postSolution
		{389D8E52-2D64-4AED-BC89-953D6AF232AD}.Debug|Any CPU.ActiveCfg = Debug|Any CPU
		{389D8E52-2D64-4AED-BC89-953D6AF232AD}.Debug|Any CPU.Build.0 = Debug|Any CPU
		{389D8E52-2D64-4AED-BC89-953D6AF232AD}.Release|Any CPU.ActiveCfg = Release|Any CPU
		{389D8E52-2D64-4AED-BC89-953D6AF232AD}.Release|Any CPU.Build.0 = Release|Any CPU
	EndGlobalSection
	GlobalSection(SolutionProperties) = preSolution
		HideSolutionNode = FALSE
	EndGlobalSection
	GlobalSection(ExtensibilityGlobals) = postSolution
		SolutionGuid = {FC44514F-50FC-48EF-805B-EFA51E139932}
	EndGlobalSection
EndGlobal
